// !$*UTF8*$!
{
	archiveVersion = 1;
	classes = {
	};
	objectVersion = 50;
	objects = {

/* Begin PBXBuildFile section */
		7D8F486420F1F20F0063D1CC /* AppDelegate.swift in Sources */ = {isa = PBXBuildFile; fileRef = 7D8F486320F1F20F0063D1CC /* AppDelegate.swift */; };
		7D8F486920F1F20F0063D1CC /* Main.storyboard in Resources */ = {isa = PBXBuildFile; fileRef = 7D8F486720F1F20F0063D1CC /* Main.storyboard */; };
		7D8F486B20F1F2110063D1CC /* Assets.xcassets in Resources */ = {isa = PBXBuildFile; fileRef = 7D8F486A20F1F2110063D1CC /* Assets.xcassets */; };
		7D8F486E20F1F2110063D1CC /* LaunchScreen.storyboard in Resources */ = {isa = PBXBuildFile; fileRef = 7D8F486C20F1F2110063D1CC /* LaunchScreen.storyboard */; };
		7D8F487920F1F2110063D1CC /* HomepwnerTests.swift in Sources */ = {isa = PBXBuildFile; fileRef = 7D8F487820F1F2110063D1CC /* HomepwnerTests.swift */; };
		7D8F488420F1F2110063D1CC /* HomepwnerUITests.swift in Sources */ = {isa = PBXBuildFile; fileRef = 7D8F488320F1F2110063D1CC /* HomepwnerUITests.swift */; };
		7D8F489220F1F2D80063D1CC /* ItemsViewController.swift in Sources */ = {isa = PBXBuildFile; fileRef = 7D8F489120F1F2D80063D1CC /* ItemsViewController.swift */; };
		7D8F489420F1F32D0063D1CC /* Item.swift in Sources */ = {isa = PBXBuildFile; fileRef = 7D8F489320F1F32D0063D1CC /* Item.swift */; };
		7D8F489620F1F50B0063D1CC /* ItemStore.swift in Sources */ = {isa = PBXBuildFile; fileRef = 7D8F489520F1F50B0063D1CC /* ItemStore.swift */; };
/* End PBXBuildFile section */

/* Begin PBXContainerItemProxy section */
		7D8F487520F1F2110063D1CC /* PBXContainerItemProxy */ = {
			isa = PBXContainerItemProxy;
			containerPortal = 7D8F485820F1F20F0063D1CC /* Project object */;
			proxyType = 1;
			remoteGlobalIDString = 7D8F485F20F1F20F0063D1CC;
			remoteInfo = Homepwner;
		};
		7D8F488020F1F2110063D1CC /* PBXContainerItemProxy */ = {
			isa = PBXContainerItemProxy;
			containerPortal = 7D8F485820F1F20F0063D1CC /* Project object */;
			proxyType = 1;
			remoteGlobalIDString = 7D8F485F20F1F20F0063D1CC;
			remoteInfo = Homepwner;
		};
/* End PBXContainerItemProxy section */

/* Begin PBXFileReference section */
		7D8F486020F1F20F0063D1CC /* Homepwner.app */ = {isa = PBXFileReference; explicitFileType = wrapper.application; includeInIndex = 0; path = Homepwner.app; sourceTree = BUILT_PRODUCTS_DIR; };
		7D8F486320F1F20F0063D1CC /* AppDelegate.swift */ = {isa = PBXFileReference; lastKnownFileType = sourcecode.swift; path = AppDelegate.swift; sourceTree = "<group>"; };
		7D8F486820F1F20F0063D1CC /* Base */ = {isa = PBXFileReference; lastKnownFileType = file.storyboard; name = Base; path = Base.lproj/Main.storyboard; sourceTree = "<group>"; };
		7D8F486A20F1F2110063D1CC /* Assets.xcassets */ = {isa = PBXFileReference; lastKnownFileType = folder.assetcatalog; path = Assets.xcassets; sourceTree = "<group>"; };
		7D8F486D20F1F2110063D1CC /* Base */ = {isa = PBXFileReference; lastKnownFileType = file.storyboard; name = Base; path = Base.lproj/LaunchScreen.storyboard; sourceTree = "<group>"; };
		7D8F486F20F1F2110063D1CC /* Info.plist */ = {isa = PBXFileReference; lastKnownFileType = text.plist.xml; path = Info.plist; sourceTree = "<group>"; };
		7D8F487420F1F2110063D1CC /* HomepwnerTests.xctest */ = {isa = PBXFileReference; explicitFileType = wrapper.cfbundle; includeInIndex = 0; path = HomepwnerTests.xctest; sourceTree = BUILT_PRODUCTS_DIR; };
		7D8F487820F1F2110063D1CC /* HomepwnerTests.swift */ = {isa = PBXFileReference; lastKnownFileType = sourcecode.swift; path = HomepwnerTests.swift; sourceTree = "<group>"; };
		7D8F487A20F1F2110063D1CC /* Info.plist */ = {isa = PBXFileReference; lastKnownFileType = text.plist.xml; path = Info.plist; sourceTree = "<group>"; };
		7D8F487F20F1F2110063D1CC /* HomepwnerUITests.xctest */ = {isa = PBXFileReference; explicitFileType = wrapper.cfbundle; includeInIndex = 0; path = HomepwnerUITests.xctest; sourceTree = BUILT_PRODUCTS_DIR; };
		7D8F488320F1F2110063D1CC /* HomepwnerUITests.swift */ = {isa = PBXFileReference; lastKnownFileType = sourcecode.swift; path = HomepwnerUITests.swift; sourceTree = "<group>"; };
		7D8F488520F1F2110063D1CC /* Info.plist */ = {isa = PBXFileReference; lastKnownFileType = text.plist.xml; path = Info.plist; sourceTree = "<group>"; };
		7D8F489120F1F2D80063D1CC /* ItemsViewController.swift */ = {isa = PBXFileReference; lastKnownFileType = sourcecode.swift; path = ItemsViewController.swift; sourceTree = "<group>"; };
		7D8F489320F1F32D0063D1CC /* Item.swift */ = {isa = PBXFileReference; lastKnownFileType = sourcecode.swift; path = Item.swift; sourceTree = "<group>"; };
		7D8F489520F1F50B0063D1CC /* ItemStore.swift */ = {isa = PBXFileReference; lastKnownFileType = sourcecode.swift; path = ItemStore.swift; sourceTree = "<group>"; };
/* End PBXFileReference section */

/* Begin PBXFrameworksBuildPhase section */
		7D8F485D20F1F20F0063D1CC /* Frameworks */ = {
			isa = PBXFrameworksBuildPhase;
			buildActionMask = 2147483647;
			files = (
			);
			runOnlyForDeploymentPostprocessing = 0;
		};
		7D8F487120F1F2110063D1CC /* Frameworks */ = {
			isa = PBXFrameworksBuildPhase;
			buildActionMask = 2147483647;
			files = (
			);
			runOnlyForDeploymentPostprocessing = 0;
		};
		7D8F487C20F1F2110063D1CC /* Frameworks */ = {
			isa = PBXFrameworksBuildPhase;
			buildActionMask = 2147483647;
			files = (
			);
			runOnlyForDeploymentPostprocessing = 0;
		};
/* End PBXFrameworksBuildPhase section */

/* Begin PBXGroup section */
		7D8F485720F1F20F0063D1CC = {
			isa = PBXGroup;
			children = (
				7D8F486220F1F20F0063D1CC /* Homepwner */,
				7D8F487720F1F2110063D1CC /* HomepwnerTests */,
				7D8F488220F1F2110063D1CC /* HomepwnerUITests */,
				7D8F486120F1F20F0063D1CC /* Products */,
			);
			sourceTree = "<group>";
		};
		7D8F486120F1F20F0063D1CC /* Products */ = {
			isa = PBXGroup;
			children = (
				7D8F486020F1F20F0063D1CC /* Homepwner.app */,
				7D8F487420F1F2110063D1CC /* HomepwnerTests.xctest */,
				7D8F487F20F1F2110063D1CC /* HomepwnerUITests.xctest */,
			);
			name = Products;
			sourceTree = "<group>";
		};
		7D8F486220F1F20F0063D1CC /* Homepwner */ = {
			isa = PBXGroup;
			children = (
				7D8F486320F1F20F0063D1CC /* AppDelegate.swift */,
				7D8F489120F1F2D80063D1CC /* ItemsViewController.swift */,
				7D8F489320F1F32D0063D1CC /* Item.swift */,
				7D8F489520F1F50B0063D1CC /* ItemStore.swift */,
				7D8F486720F1F20F0063D1CC /* Main.storyboard */,
				7D8F486A20F1F2110063D1CC /* Assets.xcassets */,
				7D8F486C20F1F2110063D1CC /* LaunchScreen.storyboard */,
				7D8F486F20F1F2110063D1CC /* Info.plist */,
			);
			path = Homepwner;
			sourceTree = "<group>";
		};
		7D8F487720F1F2110063D1CC /* HomepwnerTests */ = {
			isa = PBXGroup;
			children = (
				7D8F487820F1F2110063D1CC /* HomepwnerTests.swift */,
				7D8F487A20F1F2110063D1CC /* Info.plist */,
			);
			path = HomepwnerTests;
			sourceTree = "<group>";
		};
		7D8F488220F1F2110063D1CC /* HomepwnerUITests */ = {
			isa = PBXGroup;
			children = (
				7D8F488320F1F2110063D1CC /* HomepwnerUITests.swift */,
				7D8F488520F1F2110063D1CC /* Info.plist */,
			);
			path = HomepwnerUITests;
			sourceTree = "<group>";
		};
/* End PBXGroup section */

/* Begin PBXNativeTarget section */
		7D8F485F20F1F20F0063D1CC /* Homepwner */ = {
			isa = PBXNativeTarget;
			buildConfigurationList = 7D8F488820F1F2110063D1CC /* Build configuration list for PBXNativeTarget "Homepwner" */;
			buildPhases = (
				7D8F485C20F1F20F0063D1CC /* Sources */,
				7D8F485D20F1F20F0063D1CC /* Frameworks */,
				7D8F485E20F1F20F0063D1CC /* Resources */,
			);
			buildRules = (
			);
			dependencies = (
			);
			name = Homepwner;
			productName = Homepwner;
			productReference = 7D8F486020F1F20F0063D1CC /* Homepwner.app */;
			productType = "com.apple.product-type.application";
		};
		7D8F487320F1F2110063D1CC /* HomepwnerTests */ = {
			isa = PBXNativeTarget;
			buildConfigurationList = 7D8F488B20F1F2110063D1CC /* Build configuration list for PBXNativeTarget "HomepwnerTests" */;
			buildPhases = (
				7D8F487020F1F2110063D1CC /* Sources */,
				7D8F487120F1F2110063D1CC /* Frameworks */,
				7D8F487220F1F2110063D1CC /* Resources */,
			);
			buildRules = (
			);
			dependencies = (
				7D8F487620F1F2110063D1CC /* PBXTargetDependency */,
			);
			name = HomepwnerTests;
			productName = HomepwnerTests;
			productReference = 7D8F487420F1F2110063D1CC /* HomepwnerTests.xctest */;
			productType = "com.apple.product-type.bundle.unit-test";
		};
		7D8F487E20F1F2110063D1CC /* HomepwnerUITests */ = {
			isa = PBXNativeTarget;
			buildConfigurationList = 7D8F488E20F1F2110063D1CC /* Build configuration list for PBXNativeTarget "HomepwnerUITests" */;
			buildPhases = (
				7D8F487B20F1F2110063D1CC /* Sources */,
				7D8F487C20F1F2110063D1CC /* Frameworks */,
				7D8F487D20F1F2110063D1CC /* Resources */,
			);
			buildRules = (
			);
			dependencies = (
				7D8F488120F1F2110063D1CC /* PBXTargetDependency */,
			);
			name = HomepwnerUITests;
			productName = HomepwnerUITests;
			productReference = 7D8F487F20F1F2110063D1CC /* HomepwnerUITests.xctest */;
			productType = "com.apple.product-type.bundle.ui-testing";
		};
/* End PBXNativeTarget section */

/* Begin PBXProject section */
		7D8F485820F1F20F0063D1CC /* Project object */ = {
			isa = PBXProject;
			attributes = {
				LastSwiftUpdateCheck = 0940;
				LastUpgradeCheck = 0940;
				ORGANIZATIONNAME = Alpaca;
				TargetAttributes = {
					7D8F485F20F1F20F0063D1CC = {
						CreatedOnToolsVersion = 9.4.1;
					};
					7D8F487320F1F2110063D1CC = {
						CreatedOnToolsVersion = 9.4.1;
						TestTargetID = 7D8F485F20F1F20F0063D1CC;
					};
					7D8F487E20F1F2110063D1CC = {
						CreatedOnToolsVersion = 9.4.1;
						TestTargetID = 7D8F485F20F1F20F0063D1CC;
					};
				};
			};
			buildConfigurationList = 7D8F485B20F1F20F0063D1CC /* Build configuration list for PBXProject "Homepwner" */;
			compatibilityVersion = "Xcode 9.3";
			developmentRegion = en;
			hasScannedForEncodings = 0;
			knownRegions = (
				en,
				Base,
			);
			mainGroup = 7D8F485720F1F20F0063D1CC;
			productRefGroup = 7D8F486120F1F20F0063D1CC /* Products */;
			projectDirPath = "";
			projectRoot = "";
			targets = (
				7D8F485F20F1F20F0063D1CC /* Homepwner */,
				7D8F487320F1F2110063D1CC /* HomepwnerTests */,
				7D8F487E20F1F2110063D1CC /* HomepwnerUITests */,
			);
		};
/* End PBXProject section */

/* Begin PBXResourcesBuildPhase section */
		7D8F485E20F1F20F0063D1CC /* Resources */ = {
			isa = PBXResourcesBuildPhase;
			buildActionMask = 2147483647;
			files = (
				7D8F486E20F1F2110063D1CC /* LaunchScreen.storyboard in Resources */,
				7D8F486B20F1F2110063D1CC /* Assets.xcassets in Resources */,
				7D8F486920F1F20F0063D1CC /* Main.storyboard in Resources */,
			);
			runOnlyForDeploymentPostprocessing = 0;
		};
		7D8F487220F1F2110063D1CC /* Resources */ = {
			isa = PBXResourcesBuildPhase;
			buildActionMask = 2147483647;
			files = (
			);
			runOnlyForDeploymentPostprocessing = 0;
		};
		7D8F487D20F1F2110063D1CC /* Resources */ = {
			isa = PBXResourcesBuildPhase;
			buildActionMask = 2147483647;
			files = (
			);
			runOnlyForDeploymentPostprocessing = 0;
		};
/* End PBXResourcesBuildPhase section */

/* Begin PBXSourcesBuildPhase section */
		7D8F485C20F1F20F0063D1CC /* Sources */ = {
			isa = PBXSourcesBuildPhase;
			buildActionMask = 2147483647;
			files = (
				7D8F486420F1F20F0063D1CC /* AppDelegate.swift in Sources */,
				7D8F489420F1F32D0063D1CC /* Item.swift in Sources */,
				7D8F489620F1F50B0063D1CC /* ItemStore.swift in Sources */,
				7D8F489220F1F2D80063D1CC /* ItemsViewController.swift in Sources */,
			);
			runOnlyForDeploymentPostprocessing = 0;
		};
		7D8F487020F1F2110063D1CC /* Sources */ = {
			isa = PBXSourcesBuildPhase;
			buildActionMask = 2147483647;
			files = (
				7D8F487920F1F2110063D1CC /* HomepwnerTests.swift in Sources */,
			);
			runOnlyForDeploymentPostprocessing = 0;
		};
		7D8F487B20F1F2110063D1CC /* Sources */ = {
			isa = PBXSourcesBuildPhase;
			buildActionMask = 2147483647;
			files = (
				7D8F488420F1F2110063D1CC /* HomepwnerUITests.swift in Sources */,
			);
			runOnlyForDeploymentPostprocessing = 0;
		};
/* End PBXSourcesBuildPhase section */

/* Begin PBXTargetDependency section */
		7D8F487620F1F2110063D1CC /* PBXTargetDependency */ = {
			isa = PBXTargetDependency;
			target = 7D8F485F20F1F20F0063D1CC /* Homepwner */;
			targetProxy = 7D8F487520F1F2110063D1CC /* PBXContainerItemProxy */;
		};
		7D8F488120F1F2110063D1CC /* PBXTargetDependency */ = {
			isa = PBXTargetDependency;
			target = 7D8F485F20F1F20F0063D1CC /* Homepwner */;
			targetProxy = 7D8F488020F1F2110063D1CC /* PBXContainerItemProxy */;
		};
/* End PBXTargetDependency section */

/* Begin PBXVariantGroup section */
		7D8F486720F1F20F0063D1CC /* Main.storyboard */ = {
			isa = PBXVariantGroup;
			children = (
				7D8F486820F1F20F0063D1CC /* Base */,
			);
			name = Main.storyboard;
			sourceTree = "<group>";
		};
		7D8F486C20F1F2110063D1CC /* LaunchScreen.storyboard */ = {
			isa = PBXVariantGroup;
			children = (
				7D8F486D20F1F2110063D1CC /* Base */,
			);
			name = LaunchScreen.storyboard;
			sourceTree = "<group>";
		};
/* End PBXVariantGroup section */

/* Begin XCBuildConfiguration section */
		7D8F488620F1F2110063D1CC /* Debug */ = {
			isa = XCBuildConfiguration;
			buildSettings = {
				ALWAYS_SEARCH_USER_PATHS = NO;
				CLANG_ANALYZER_NONNULL = YES;
				CLANG_ANALYZER_NUMBER_OBJECT_CONVERSION = YES_AGGRESSIVE;
				CLANG_CXX_LANGUAGE_STANDARD = "gnu++14";
				CLANG_CXX_LIBRARY = "libc++";
				CLANG_ENABLE_MODULES = YES;
				CLANG_ENABLE_OBJC_ARC = YES;
				CLANG_ENABLE_OBJC_WEAK = YES;
				CLANG_WARN_BLOCK_CAPTURE_AUTORELEASING = YES;
				CLANG_WARN_BOOL_CONVERSION = YES;
				CLANG_WARN_COMMA = YES;
				CLANG_WARN_CONSTANT_CONVERSION = YES;
				CLANG_WARN_DEPRECATED_OBJC_IMPLEMENTATIONS = YES;
				CLANG_WARN_DIRECT_OBJC_ISA_USAGE = YES_ERROR;
				CLANG_WARN_DOCUMENTATION_COMMENTS = YES;
				CLANG_WARN_EMPTY_BODY = YES;
				CLANG_WARN_ENUM_CONVERSION = YES;
				CLANG_WARN_INFINITE_RECURSION = YES;
				CLANG_WARN_INT_CONVERSION = YES;
				CLANG_WARN_NON_LITERAL_NULL_CONVERSION = YES;
				CLANG_WARN_OBJC_IMPLICIT_RETAIN_SELF = YES;
				CLANG_WARN_OBJC_LITERAL_CONVERSION = YES;
				CLANG_WARN_OBJC_ROOT_CLASS = YES_ERROR;
				CLANG_WARN_RANGE_LOOP_ANALYSIS = YES;
				CLANG_WARN_STRICT_PROTOTYPES = YES;
				CLANG_WARN_SUSPICIOUS_MOVE = YES;
				CLANG_WARN_UNGUARDED_AVAILABILITY = YES_AGGRESSIVE;
				CLANG_WARN_UNREACHABLE_CODE = YES;
				CLANG_WARN__DUPLICATE_METHOD_MATCH = YES;
				CODE_SIGN_IDENTITY = "iPhone Developer";
				COPY_PHASE_STRIP = NO;
				DEBUG_INFORMATION_FORMAT = dwarf;
				ENABLE_STRICT_OBJC_MSGSEND = YES;
				ENABLE_TESTABILITY = YES;
				GCC_C_LANGUAGE_STANDARD = gnu11;
				GCC_DYNAMIC_NO_PIC = NO;
				GCC_NO_COMMON_BLOCKS = YES;
				GCC_OPTIMIZATION_LEVEL = 0;
				GCC_PREPROCESSOR_DEFINITIONS = (
					"DEBUG=1",
					"$(inherited)",
				);
				GCC_WARN_64_TO_32_BIT_CONVERSION = YES;
				GCC_WARN_ABOUT_RETURN_TYPE = YES_ERROR;
				GCC_WARN_UNDECLARED_SELECTOR = YES;
				GCC_WARN_UNINITIALIZED_AUTOS = YES_AGGRESSIVE;
				GCC_WARN_UNUSED_FUNCTION = YES;
				GCC_WARN_UNUSED_VARIABLE = YES;
				IPHONEOS_DEPLOYMENT_TARGET = 11.4;
				MTL_ENABLE_DEBUG_INFO = YES;
				ONLY_ACTIVE_ARCH = YES;
				SDKROOT = iphoneos;
				SWIFT_ACTIVE_COMPILATION_CONDITIONS = DEBUG;
				SWIFT_OPTIMIZATION_LEVEL = "-Onone";
			};
			name = Debug;
		};
		7D8F488720F1F2110063D1CC /* Release */ = {
			isa = XCBuildConfiguration;
			buildSettings = {
				ALWAYS_SEARCH_USER_PATHS = NO;
				CLANG_ANALYZER_NONNULL = YES;
				CLANG_ANALYZER_NUMBER_OBJECT_CONVERSION = YES_AGGRESSIVE;
				CLANG_CXX_LANGUAGE_STANDARD = "gnu++14";
				CLANG_CXX_LIBRARY = "libc++";
				CLANG_ENABLE_MODULES = YES;
				CLANG_ENABLE_OBJC_ARC = YES;
				CLANG_ENABLE_OBJC_WEAK = YES;
				CLANG_WARN_BLOCK_CAPTURE_AUTORELEASING = YES;
				CLANG_WARN_BOOL_CONVERSION = YES;
				CLANG_WARN_COMMA = YES;
				CLANG_WARN_CONSTANT_CONVERSION = YES;
				CLANG_WARN_DEPRECATED_OBJC_IMPLEMENTATIONS = YES;
				CLANG_WARN_DIRECT_OBJC_ISA_USAGE = YES_ERROR;
				CLANG_WARN_DOCUMENTATION_COMMENTS = YES;
				CLANG_WARN_EMPTY_BODY = YES;
				CLANG_WARN_ENUM_CONVERSION = YES;
				CLANG_WARN_INFINITE_RECURSION = YES;
				CLANG_WARN_INT_CONVERSION = YES;
				CLANG_WARN_NON_LITERAL_NULL_CONVERSION = YES;
				CLANG_WARN_OBJC_IMPLICIT_RETAIN_SELF = YES;
				CLANG_WARN_OBJC_LITERAL_CONVERSION = YES;
				CLANG_WARN_OBJC_ROOT_CLASS = YES_ERROR;
				CLANG_WARN_RANGE_LOOP_ANALYSIS = YES;
				CLANG_WARN_STRICT_PROTOTYPES = YES;
				CLANG_WARN_SUSPICIOUS_MOVE = YES;
				CLANG_WARN_UNGUARDED_AVAILABILITY = YES_AGGRESSIVE;
				CLANG_WARN_UNREACHABLE_CODE = YES;
				CLANG_WARN__DUPLICATE_METHOD_MATCH = YES;
				CODE_SIGN_IDENTITY = "iPhone Developer";
				COPY_PHASE_STRIP = NO;
				DEBUG_INFORMATION_FORMAT = "dwarf-with-dsym";
				ENABLE_NS_ASSERTIONS = NO;
				ENABLE_STRICT_OBJC_MSGSEND = YES;
				GCC_C_LANGUAGE_STANDARD = gnu11;
				GCC_NO_COMMON_BLOCKS = YES;
				GCC_WARN_64_TO_32_BIT_CONVERSION = YES;
				GCC_WARN_ABOUT_RETURN_TYPE = YES_ERROR;
				GCC_WARN_UNDECLARED_SELECTOR = YES;
				GCC_WARN_UNINITIALIZED_AUTOS = YES_AGGRESSIVE;
				GCC_WARN_UNUSED_FUNCTION = YES;
				GCC_WARN_UNUSED_VARIABLE = YES;
				IPHONEOS_DEPLOYMENT_TARGET = 11.4;
				MTL_ENABLE_DEBUG_INFO = NO;
				SDKROOT = iphoneos;
				SWIFT_COMPILATION_MODE = wholemodule;
				SWIFT_OPTIMIZATION_LEVEL = "-O";
				VALIDATE_PRODUCT = YES;
			};
			name = Release;
		};
		7D8F488920F1F2110063D1CC /* Debug */ = {
			isa = XCBuildConfiguration;
			buildSettings = {
				ASSETCATALOG_COMPILER_APPICON_NAME = AppIcon;
				CODE_SIGN_STYLE = Automatic;
				DEVELOPMENT_TEAM = WJV2E4572L;
				INFOPLIST_FILE = Homepwner/Info.plist;
				LD_RUNPATH_SEARCH_PATHS = (
					"$(inherited)",
					"@executable_path/Frameworks",
				);
				PRODUCT_BUNDLE_IDENTIFIER = alpaca.Homepwner;
				PRODUCT_NAME = "$(TARGET_NAME)";
				SWIFT_VERSION = 4.0;
				TARGETED_DEVICE_FAMILY = "1,2";
			};
			name = Debug;
		};
		7D8F488A20F1F2110063D1CC /* Release */ = {
			isa = XCBuildConfiguration;
			buildSettings = {
				ASSETCATALOG_COMPILER_APPICON_NAME = AppIcon;
				CODE_SIGN_STYLE = Automatic;
				DEVELOPMENT_TEAM = WJV2E4572L;
				INFOPLIST_FILE = Homepwner/Info.plist;
				LD_RUNPATH_SEARCH_PATHS = (
					"$(inherited)",
					"@executable_path/Frameworks",
				);
				PRODUCT_BUNDLE_IDENTIFIER = alpaca.Homepwner;
				PRODUCT_NAME = "$(TARGET_NAME)";
				SWIFT_VERSION = 4.0;
				TARGETED_DEVICE_FAMILY = "1,2";
			};
			name = Release;
		};
		7D8F488C20F1F2110063D1CC /* Debug */ = {
			isa = XCBuildConfiguration;
			buildSettings = {
				ALWAYS_EMBED_SWIFT_STANDARD_LIBRARIES = YES;
				BUNDLE_LOADER = "$(TEST_HOST)";
				CODE_SIGN_STYLE = Automatic;
				DEVELOPMENT_TEAM = WJV2E4572L;
				INFOPLIST_FILE = HomepwnerTests/Info.plist;
				LD_RUNPATH_SEARCH_PATHS = (
					"$(inherited)",
					"@executable_path/Frameworks",
					"@loader_path/Frameworks",
				);
				PRODUCT_BUNDLE_IDENTIFIER = alpaca.HomepwnerTests;
				PRODUCT_NAME = "$(TARGET_NAME)";
				SWIFT_VERSION = 4.0;
				TARGETED_DEVICE_FAMILY = "1,2";
				TEST_HOST = "$(BUILT_PRODUCTS_DIR)/Homepwner.app/Homepwner";
			};
			name = Debug;
		};
		7D8F488D20F1F2110063D1CC /* Release */ = {
			isa = XCBuildConfiguration;
			buildSettings = {
				ALWAYS_EMBED_SWIFT_STANDARD_LIBRARIES = YES;
				BUNDLE_LOADER = "$(TEST_HOST)";
				CODE_SIGN_STYLE = Automatic;
				DEVELOPMENT_TEAM = WJV2E4572L;
				INFOPLIST_FILE = HomepwnerTests/Info.plist;
				LD_RUNPATH_SEARCH_PATHS = (
					"$(inherited)",
					"@executable_path/Frameworks",
					"@loader_path/Frameworks",
				);
				PRODUCT_BUNDLE_IDENTIFIER = alpaca.HomepwnerTests;
				PRODUCT_NAME = "$(TARGET_NAME)";
				SWIFT_VERSION = 4.0;
				TARGETED_DEVICE_FAMILY = "1,2";
				TEST_HOST = "$(BUILT_PRODUCTS_DIR)/Homepwner.app/Homepwner";
			};
			name = Release;
		};
		7D8F488F20F1F2110063D1CC /* Debug */ = {
			isa = XCBuildConfiguration;
			buildSettings = {
				ALWAYS_EMBED_SWIFT_STANDARD_LIBRARIES = YES;
				CODE_SIGN_STYLE = Automatic;
				DEVELOPMENT_TEAM = WJV2E4572L;
				INFOPLIST_FILE = HomepwnerUITests/Info.plist;
				LD_RUNPATH_SEARCH_PATHS = (
					"$(inherited)",
					"@executable_path/Frameworks",
					"@loader_path/Frameworks",
				);
				PRODUCT_BUNDLE_IDENTIFIER = alpaca.HomepwnerUITests;
				PRODUCT_NAME = "$(TARGET_NAME)";
				SWIFT_VERSION = 4.0;
				TARGETED_DEVICE_FAMILY = "1,2";
				TEST_TARGET_NAME = Homepwner;
			};
			name = Debug;
		};
		7D8F489020F1F2110063D1CC /* Release */ = {
			isa = XCBuildConfiguration;
			buildSettings = {
				ALWAYS_EMBED_SWIFT_STANDARD_LIBRARIES = YES;
				CODE_SIGN_STYLE = Automatic;
				DEVELOPMENT_TEAM = WJV2E4572L;
				INFOPLIST_FILE = HomepwnerUITests/Info.plist;
				LD_RUNPATH_SEARCH_PATHS = (
					"$(inherited)",
					"@executable_path/Frameworks",
					"@loader_path/Frameworks",
				);
				PRODUCT_BUNDLE_IDENTIFIER = alpaca.HomepwnerUITests;
				PRODUCT_NAME = "$(TARGET_NAME)";
				SWIFT_VERSION = 4.0;
				TARGETED_DEVICE_FAMILY = "1,2";
				TEST_TARGET_NAME = Homepwner;
			};
			name = Release;
		};
/* End XCBuildConfiguration section */

/* Begin XCConfigurationList section */
		7D8F485B20F1F20F0063D1CC /* Build configuration list for PBXProject "Homepwner" */ = {
			isa = XCConfigurationList;
			buildConfigurations = (
				7D8F488620F1F2110063D1CC /* Debug */,
				7D8F488720F1F2110063D1CC /* Release */,
			);
			defaultConfigurationIsVisible = 0;
			defaultConfigurationName = Release;
		};
		7D8F488820F1F2110063D1CC /* Build configuration list for PBXNativeTarget "Homepwner" */ = {
			isa = XCConfigurationList;
			buildConfigurations = (
				7D8F488920F1F2110063D1CC /* Debug */,
				7D8F488A20F1F2110063D1CC /* Release */,
			);
			defaultConfigurationIsVisible = 0;
			defaultConfigurationName = Release;
		};
		7D8F488B20F1F2110063D1CC /* Build configuration list for PBXNativeTarget "HomepwnerTests" */ = {
			isa = XCConfigurationList;
			buildConfigurations = (
				7D8F488C20F1F2110063D1CC /* Debug */,
				7D8F488D20F1F2110063D1CC /* Release */,
			);
			defaultConfigurationIsVisible = 0;
			defaultConfigurationName = Release;
		};
		7D8F488E20F1F2110063D1CC /* Build configuration list for PBXNativeTarget "HomepwnerUITests" */ = {
			isa = XCConfigurationList;
			buildConfigurations = (
				7D8F488F20F1F2110063D1CC /* Debug */,
				7D8F489020F1F2110063D1CC /* Release */,
			);
			defaultConfigurationIsVisible = 0;
			defaultConfigurationName = Release;
		};
/* End XCConfigurationList section */
	};
	rootObject = 7D8F485820F1F20F0063D1CC /* Project object */;
}
